
Microsoft Visual Studio Solution File, Format Version 12.00
# Visual Studio Version 17
VisualStudioVersion = 17.10.35122.118
MinimumVisualStudioVersion = 10.0.40219.1
Project("{FAE04EC0-301F-11D3-BF4B-00C04F79EFBC}") = "UnitTestLearning1", "UnitTestLearning1\UnitTestLearning1.csproj", "{16E3DDA6-5134-40CA-AC2D-0D79FEC246DF}"
EndProject
Global
	GlobalSection(SolutionConfigurationPlatforms) = preSolution
		Debug|Any CPU = Debug|Any CPU
		Release|Any CPU = Release|Any CPU
	EndGlobalSection
	GlobalSection(ProjectConfigurationPlatforms) = postSolution
		{16E3DDA6-5134-40CA-AC2D-0D79FEC246DF}.Debug|Any CPU.ActiveCfg = Debug|Any CPU
		{16E3DDA6-5134-40CA-AC2D-0D79FEC246DF}.Debug|Any CPU.Build.0 = Debug|Any CPU
		{16E3DDA6-5134-40CA-AC2D-0D79FEC246DF}.Release|Any CPU.ActiveCfg = Release|Any CPU
		{16E3DDA6-5134-40CA-AC2D-0D79FEC246DF}.Release|Any CPU.Build.0 = Release|Any CPU
	EndGlobalSection
	GlobalSection(SolutionProperties) = preSolution
		HideSolutionNode = FALSE
	EndGlobalSection
	GlobalSection(ExtensibilityGlobals) = postSolution
		SolutionGuid = {DC4BF75F-70C9-45FE-BF7E-82446BE0F291}
	EndGlobalSection
EndGlobal
